
Microsoft Visual Studio Solution File, Format Version 12.00
# Visual Studio Version 16
VisualStudioVersion = 16.0.29728.190
MinimumVisualStudioVersion = 10.0.40219.1
Project("{FAE04EC0-301F-11D3-BF4B-00C04F79EFBC}") = "NumpreTool02", "NumpreTool02\NumpreTool02.csproj", "{927BCA18-3F2D-424F-A7E2-9BA41D32B722}"
EndProject
Project("{2150E333-8FDC-42A3-9474-1A3956D46DE8}") = "Solution Items", "Solution Items", "{8A00D499-02F5-4AA7-A964-251D90FF5BC2}"
	ProjectSection(SolutionItems) = preProject
		LICENSE = LICENSE
		README.md = README.md
	EndProjectSection
EndProject
Global
	GlobalSection(SolutionConfigurationPlatforms) = preSolution
		Debug|Any CPU = Debug|Any CPU
		Release|Any CPU = Release|Any CPU
	EndGlobalSection
	GlobalSection(ProjectConfigurationPlatforms) = postSolution
		{927BCA18-3F2D-424F-A7E2-9BA41D32B722}.Debug|Any CPU.ActiveCfg = Debug|Any CPU
		{927BCA18-3F2D-424F-A7E2-9BA41D32B722}.Debug|Any CPU.Build.0 = Debug|Any CPU
		{927BCA18-3F2D-424F-A7E2-9BA41D32B722}.Release|Any CPU.ActiveCfg = Release|Any CPU
		{927BCA18-3F2D-424F-A7E2-9BA41D32B722}.Release|Any CPU.Build.0 = Release|Any CPU
	EndGlobalSection
	GlobalSection(SolutionProperties) = preSolution
		HideSolutionNode = FALSE
	EndGlobalSection
	GlobalSection(ExtensibilityGlobals) = postSolution
		SolutionGuid = {020A339D-C4C9-4B69-901F-3908F26EC6CE}
	EndGlobalSection
EndGlobal
